
Microsoft Visual Studio Solution File, Format Version 12.00
# Visual Studio Version 17
VisualStudioVersion = 17.5.33424.131
MinimumVisualStudioVersion = 10.0.40219.1
Project("{9A19103F-16F7-4668-BE54-9A1E7A4F7556}") = "CarWash", "CarWash\CarWash.csproj", "{A010F2FA-3394-4242-910D-B7C4661C81E0}"
EndProject
Project("{FAE04EC0-301F-11D3-BF4B-00C04F79EFBC}") = "Tests.CarWash", "Tests.CarWash\Tests.CarWash.csproj", "{1CEB0F6D-5ABB-4B80-8A9E-10725DC12722}"
EndProject
Global
	GlobalSection(SolutionConfigurationPlatforms) = preSolution
		Debug|Any CPU = Debug|Any CPU
		Release|Any CPU = Release|Any CPU
	EndGlobalSection
	GlobalSection(ProjectConfigurationPlatforms) = postSolution
		{A010F2FA-3394-4242-910D-B7C4661C81E0}.Debug|Any CPU.ActiveCfg = Debug|Any CPU
		{A010F2FA-3394-4242-910D-B7C4661C81E0}.Debug|Any CPU.Build.0 = Debug|Any CPU
		{A010F2FA-3394-4242-910D-B7C4661C81E0}.Release|Any CPU.ActiveCfg = Release|Any CPU
		{A010F2FA-3394-4242-910D-B7C4661C81E0}.Release|Any CPU.Build.0 = Release|Any CPU
		{1CEB0F6D-5ABB-4B80-8A9E-10725DC12722}.Debug|Any CPU.ActiveCfg = Debug|Any CPU
		{1CEB0F6D-5ABB-4B80-8A9E-10725DC12722}.Debug|Any CPU.Build.0 = Debug|Any CPU
		{1CEB0F6D-5ABB-4B80-8A9E-10725DC12722}.Release|Any CPU.ActiveCfg = Release|Any CPU
		{1CEB0F6D-5ABB-4B80-8A9E-10725DC12722}.Release|Any CPU.Build.0 = Release|Any CPU
	EndGlobalSection
	GlobalSection(SolutionProperties) = preSolution
		HideSolutionNode = FALSE
	EndGlobalSection
	GlobalSection(ExtensibilityGlobals) = postSolution
		SolutionGuid = {A0C11892-64D4-4A87-95BF-03A5E8CD02BD}
	EndGlobalSection
EndGlobal
